// !$*UTF8*$!
{
	archiveVersion = 1;
	classes = {
	};
	objectVersion = 50;
	objects = {

/* Begin PBXBuildFile section */
		0F1EF88B23EE6FAC0016B9C6 /* Util.swift in Sources */ = {isa = PBXBuildFile; fileRef = 0F1EF88A23EE6FAC0016B9C6 /* Util.swift */; };
		0F22967A23C3764B00A51BBB /* AppDelegate.swift in Sources */ = {isa = PBXBuildFile; fileRef = 0F22967923C3764B00A51BBB /* AppDelegate.swift */; };
		0F22967C23C3764B00A51BBB /* UIRegisterViewController.swift in Sources */ = {isa = PBXBuildFile; fileRef = 0F22967B23C3764B00A51BBB /* UIRegisterViewController.swift */; };
		0F22967F23C3764B00A51BBB /* Main.storyboard in Resources */ = {isa = PBXBuildFile; fileRef = 0F22967D23C3764B00A51BBB /* Main.storyboard */; };
		0F22968123C3764C00A51BBB /* Assets.xcassets in Resources */ = {isa = PBXBuildFile; fileRef = 0F22968023C3764C00A51BBB /* Assets.xcassets */; };
		0F22968423C3764C00A51BBB /* LaunchScreen.storyboard in Resources */ = {isa = PBXBuildFile; fileRef = 0F22968223C3764C00A51BBB /* LaunchScreen.storyboard */; };
		0F22968F23C3764C00A51BBB /* HBOTests.swift in Sources */ = {isa = PBXBuildFile; fileRef = 0F22968E23C3764C00A51BBB /* HBOTests.swift */; };
		0F22969A23C3764C00A51BBB /* HBOUITests.swift in Sources */ = {isa = PBXBuildFile; fileRef = 0F22969923C3764C00A51BBB /* HBOUITests.swift */; };
		0F2296A823C381AC00A51BBB /* btnCustom.swift in Sources */ = {isa = PBXBuildFile; fileRef = 0F2296A723C381AC00A51BBB /* btnCustom.swift */; };
		0F2296AB23C3A2D400A51BBB /* UILoginViewController.swift in Sources */ = {isa = PBXBuildFile; fileRef = 0F2296AA23C3A2D400A51BBB /* UILoginViewController.swift */; };
		0F2296AE23C3A35A00A51BBB /* UITextFieldExtension.swift in Sources */ = {isa = PBXBuildFile; fileRef = 0F2296AD23C3A35A00A51BBB /* UITextFieldExtension.swift */; };
		0F2296B123C3AD7E00A51BBB /* CheckBoxButton.swift in Sources */ = {isa = PBXBuildFile; fileRef = 0F2296B023C3AD7E00A51BBB /* CheckBoxButton.swift */; };
		0F40645C23D2CAFB00AB688E /* MovieViewController.swift in Sources */ = {isa = PBXBuildFile; fileRef = 0F40645B23D2CAFB00AB688E /* MovieViewController.swift */; };
		0F40645E23D2D09100AB688E /* TableViewController.swift in Sources */ = {isa = PBXBuildFile; fileRef = 0F40645D23D2D09100AB688E /* TableViewController.swift */; };
		0F4F43BA23CD7B1A0074AC82 /* Validator.swift in Sources */ = {isa = PBXBuildFile; fileRef = 0F4F43B923CD7B1A0074AC82 /* Validator.swift */; };
		0F4F43BC23CD7E420074AC82 /* AlertDialog.swift in Sources */ = {isa = PBXBuildFile; fileRef = 0F4F43BB23CD7E420074AC82 /* AlertDialog.swift */; };
		0F6DEA5A23D091910084F988 /* GoogleService-Info.plist in Resources */ = {isa = PBXBuildFile; fileRef = 0F6DEA5923D091900084F988 /* GoogleService-Info.plist */; };
		0F6DEA5C23D0A5650084F988 /* DashboardViewController.swift in Sources */ = {isa = PBXBuildFile; fileRef = 0F6DEA5B23D0A5650084F988 /* DashboardViewController.swift */; };
		0F6DEA5E23D16FFA0084F988 /* StarterViewController.swift in Sources */ = {isa = PBXBuildFile; fileRef = 0F6DEA5D23D16FFA0084F988 /* StarterViewController.swift */; };
		0F6DEA6023D18ADF0084F988 /* ActivityIndicatorCustom.swift in Sources */ = {isa = PBXBuildFile; fileRef = 0F6DEA5F23D18ADF0084F988 /* ActivityIndicatorCustom.swift */; };
		0F6DEA6223D18CCD0084F988 /* IndicatorButton.swift in Sources */ = {isa = PBXBuildFile; fileRef = 0F6DEA6123D18CCD0084F988 /* IndicatorButton.swift */; };
		0FEEE7A423EE76A500208CF4 /* MovieModel.swift in Sources */ = {isa = PBXBuildFile; fileRef = 0FEEE7A323EE76A500208CF4 /* MovieModel.swift */; };
		154FF86A270CC492E0A67CD6 /* Pods_HBOTests.framework in Frameworks */ = {isa = PBXBuildFile; fileRef = 3B0C2F831DC7D6179C35308D /* Pods_HBOTests.framework */; };
		2F70A07912E65F6D9F097684 /* Pods_HBO_HBOUITests.framework in Frameworks */ = {isa = PBXBuildFile; fileRef = 9BCD9CA94EEBF0BFEA7C10A1 /* Pods_HBO_HBOUITests.framework */; };
		4BE7E6C509880842B69FEA11 /* Pods_HBOUITests.framework in Frameworks */ = {isa = PBXBuildFile; fileRef = B1DB9B9022C5220B85359FC4 /* Pods_HBOUITests.framework */; };
		C5B8A31182CA22B5F144BF3C /* Pods_HBO.framework in Frameworks */ = {isa = PBXBuildFile; fileRef = 981DB8011E54F413A218C948 /* Pods_HBO.framework */; };
/* End PBXBuildFile section */

/* Begin PBXContainerItemProxy section */
		0F22968B23C3764C00A51BBB /* PBXContainerItemProxy */ = {
			isa = PBXContainerItemProxy;
			containerPortal = 0F22966E23C3764B00A51BBB /* Project object */;
			proxyType = 1;
			remoteGlobalIDString = 0F22967523C3764B00A51BBB;
			remoteInfo = HBO;
		};
		0F22969623C3764C00A51BBB /* PBXContainerItemProxy */ = {
			isa = PBXContainerItemProxy;
			containerPortal = 0F22966E23C3764B00A51BBB /* Project object */;
			proxyType = 1;
			remoteGlobalIDString = 0F22967523C3764B00A51BBB;
			remoteInfo = HBO;
		};
/* End PBXContainerItemProxy section */

/* Begin PBXFileReference section */
		06BE52E8C3C822D039D5A880 /* Pods-HBOUITests.debug.xcconfig */ = {isa = PBXFileReference; includeInIndex = 1; lastKnownFileType = text.xcconfig; name = "Pods-HBOUITests.debug.xcconfig"; path = "Target Support Files/Pods-HBOUITests/Pods-HBOUITests.debug.xcconfig"; sourceTree = "<group>"; };
		07776787BF5642CBE56A60E7 /* Pods-HBO.release.xcconfig */ = {isa = PBXFileReference; includeInIndex = 1; lastKnownFileType = text.xcconfig; name = "Pods-HBO.release.xcconfig"; path = "Target Support Files/Pods-HBO/Pods-HBO.release.xcconfig"; sourceTree = "<group>"; };
		0F1EF88A23EE6FAC0016B9C6 /* Util.swift */ = {isa = PBXFileReference; lastKnownFileType = sourcecode.swift; path = Util.swift; sourceTree = "<group>"; };
		0F22967623C3764B00A51BBB /* HBO.app */ = {isa = PBXFileReference; explicitFileType = wrapper.application; includeInIndex = 0; path = HBO.app; sourceTree = BUILT_PRODUCTS_DIR; };
		0F22967923C3764B00A51BBB /* AppDelegate.swift */ = {isa = PBXFileReference; lastKnownFileType = sourcecode.swift; path = AppDelegate.swift; sourceTree = "<group>"; };
		0F22967B23C3764B00A51BBB /* UIRegisterViewController.swift */ = {isa = PBXFileReference; lastKnownFileType = sourcecode.swift; path = UIRegisterViewController.swift; sourceTree = "<group>"; };
		0F22967E23C3764B00A51BBB /* Base */ = {isa = PBXFileReference; lastKnownFileType = file.storyboard; name = Base; path = Base.lproj/Main.storyboard; sourceTree = "<group>"; };
		0F22968023C3764C00A51BBB /* Assets.xcassets */ = {isa = PBXFileReference; lastKnownFileType = folder.assetcatalog; path = Assets.xcassets; sourceTree = "<group>"; };
		0F22968323C3764C00A51BBB /* Base */ = {isa = PBXFileReference; lastKnownFileType = file.storyboard; name = Base; path = Base.lproj/LaunchScreen.storyboard; sourceTree = "<group>"; };
		0F22968523C3764C00A51BBB /* Info.plist */ = {isa = PBXFileReference; lastKnownFileType = text.plist.xml; path = Info.plist; sourceTree = "<group>"; };
		0F22968A23C3764C00A51BBB /* HBOTests.xctest */ = {isa = PBXFileReference; explicitFileType = wrapper.cfbundle; includeInIndex = 0; path = HBOTests.xctest; sourceTree = BUILT_PRODUCTS_DIR; };
		0F22968E23C3764C00A51BBB /* HBOTests.swift */ = {isa = PBXFileReference; lastKnownFileType = sourcecode.swift; path = HBOTests.swift; sourceTree = "<group>"; };
		0F22969023C3764C00A51BBB /* Info.plist */ = {isa = PBXFileReference; lastKnownFileType = text.plist.xml; path = Info.plist; sourceTree = "<group>"; };
		0F22969523C3764C00A51BBB /* HBOUITests.xctest */ = {isa = PBXFileReference; explicitFileType = wrapper.cfbundle; includeInIndex = 0; path = HBOUITests.xctest; sourceTree = BUILT_PRODUCTS_DIR; };
		0F22969923C3764C00A51BBB /* HBOUITests.swift */ = {isa = PBXFileReference; lastKnownFileType = sourcecode.swift; path = HBOUITests.swift; sourceTree = "<group>"; };
		0F22969B23C3764C00A51BBB /* Info.plist */ = {isa = PBXFileReference; lastKnownFileType = text.plist.xml; path = Info.plist; sourceTree = "<group>"; };
		0F2296A723C381AC00A51BBB /* btnCustom.swift */ = {isa = PBXFileReference; lastKnownFileType = sourcecode.swift; path = btnCustom.swift; sourceTree = "<group>"; };
		0F2296AA23C3A2D400A51BBB /* UILoginViewController.swift */ = {isa = PBXFileReference; lastKnownFileType = sourcecode.swift; path = UILoginViewController.swift; sourceTree = "<group>"; };
		0F2296AD23C3A35A00A51BBB /* UITextFieldExtension.swift */ = {isa = PBXFileReference; lastKnownFileType = sourcecode.swift; path = UITextFieldExtension.swift; sourceTree = "<group>"; };
		0F2296B023C3AD7E00A51BBB /* CheckBoxButton.swift */ = {isa = PBXFileReference; lastKnownFileType = sourcecode.swift; path = CheckBoxButton.swift; sourceTree = "<group>"; };
		0F40645B23D2CAFB00AB688E /* MovieViewController.swift */ = {isa = PBXFileReference; lastKnownFileType = sourcecode.swift; path = MovieViewController.swift; sourceTree = "<group>"; };
		0F40645D23D2D09100AB688E /* TableViewController.swift */ = {isa = PBXFileReference; lastKnownFileType = sourcecode.swift; path = TableViewController.swift; sourceTree = "<group>"; };
		0F4F43B923CD7B1A0074AC82 /* Validator.swift */ = {isa = PBXFileReference; lastKnownFileType = sourcecode.swift; path = Validator.swift; sourceTree = "<group>"; };
		0F4F43BB23CD7E420074AC82 /* AlertDialog.swift */ = {isa = PBXFileReference; lastKnownFileType = sourcecode.swift; path = AlertDialog.swift; sourceTree = "<group>"; };
		0F6DEA5923D091900084F988 /* GoogleService-Info.plist */ = {isa = PBXFileReference; fileEncoding = 4; lastKnownFileType = text.plist.xml; name = "GoogleService-Info.plist"; path = "HBO/GoogleService-Info.plist"; sourceTree = SOURCE_ROOT; };
		0F6DEA5B23D0A5650084F988 /* DashboardViewController.swift */ = {isa = PBXFileReference; lastKnownFileType = sourcecode.swift; path = DashboardViewController.swift; sourceTree = "<group>"; };
		0F6DEA5D23D16FFA0084F988 /* StarterViewController.swift */ = {isa = PBXFileReference; lastKnownFileType = sourcecode.swift; path = StarterViewController.swift; sourceTree = "<group>"; };
		0F6DEA5F23D18ADF0084F988 /* ActivityIndicatorCustom.swift */ = {isa = PBXFileReference; lastKnownFileType = sourcecode.swift; path = ActivityIndicatorCustom.swift; sourceTree = "<group>"; };
		0F6DEA6123D18CCD0084F988 /* IndicatorButton.swift */ = {isa = PBXFileReference; lastKnownFileType = sourcecode.swift; path = IndicatorButton.swift; sourceTree = "<group>"; };
		0FEEE7A323EE76A500208CF4 /* MovieModel.swift */ = {isa = PBXFileReference; lastKnownFileType = sourcecode.swift; path = MovieModel.swift; sourceTree = "<group>"; };
		3723E00049F736B9F26271F3 /* Pods-HBOTests.release.xcconfig */ = {isa = PBXFileReference; includeInIndex = 1; lastKnownFileType = text.xcconfig; name = "Pods-HBOTests.release.xcconfig"; path = "Target Support Files/Pods-HBOTests/Pods-HBOTests.release.xcconfig"; sourceTree = "<group>"; };
		3B0C2F831DC7D6179C35308D /* Pods_HBOTests.framework */ = {isa = PBXFileReference; explicitFileType = wrapper.framework; includeInIndex = 0; path = Pods_HBOTests.framework; sourceTree = BUILT_PRODUCTS_DIR; };
		494789B12D24D32CD7E962BB /* Pods-HBO.debug.xcconfig */ = {isa = PBXFileReference; includeInIndex = 1; lastKnownFileType = text.xcconfig; name = "Pods-HBO.debug.xcconfig"; path = "Target Support Files/Pods-HBO/Pods-HBO.debug.xcconfig"; sourceTree = "<group>"; };
		79D72C1CBEB08F84FF58A3BE /* Pods-HBOTests.debug.xcconfig */ = {isa = PBXFileReference; includeInIndex = 1; lastKnownFileType = text.xcconfig; name = "Pods-HBOTests.debug.xcconfig"; path = "Target Support Files/Pods-HBOTests/Pods-HBOTests.debug.xcconfig"; sourceTree = "<group>"; };
		7C6BEF34D47C4A315CB9BF0C /* Pods-HBO-HBOUITests.debug.xcconfig */ = {isa = PBXFileReference; includeInIndex = 1; lastKnownFileType = text.xcconfig; name = "Pods-HBO-HBOUITests.debug.xcconfig"; path = "Target Support Files/Pods-HBO-HBOUITests/Pods-HBO-HBOUITests.debug.xcconfig"; sourceTree = "<group>"; };
		85ADB6AD383E011199EA3251 /* Pods-HBOUITests.release.xcconfig */ = {isa = PBXFileReference; includeInIndex = 1; lastKnownFileType = text.xcconfig; name = "Pods-HBOUITests.release.xcconfig"; path = "Target Support Files/Pods-HBOUITests/Pods-HBOUITests.release.xcconfig"; sourceTree = "<group>"; };
		981DB8011E54F413A218C948 /* Pods_HBO.framework */ = {isa = PBXFileReference; explicitFileType = wrapper.framework; includeInIndex = 0; path = Pods_HBO.framework; sourceTree = BUILT_PRODUCTS_DIR; };
		9BCD9CA94EEBF0BFEA7C10A1 /* Pods_HBO_HBOUITests.framework */ = {isa = PBXFileReference; explicitFileType = wrapper.framework; includeInIndex = 0; path = Pods_HBO_HBOUITests.framework; sourceTree = BUILT_PRODUCTS_DIR; };
		B1DB9B9022C5220B85359FC4 /* Pods_HBOUITests.framework */ = {isa = PBXFileReference; explicitFileType = wrapper.framework; includeInIndex = 0; path = Pods_HBOUITests.framework; sourceTree = BUILT_PRODUCTS_DIR; };
		F095B820310F7746061F2624 /* Pods-HBO-HBOUITests.release.xcconfig */ = {isa = PBXFileReference; includeInIndex = 1; lastKnownFileType = text.xcconfig; name = "Pods-HBO-HBOUITests.release.xcconfig"; path = "Target Support Files/Pods-HBO-HBOUITests/Pods-HBO-HBOUITests.release.xcconfig"; sourceTree = "<group>"; };
/* End PBXFileReference section */

/* Begin PBXFrameworksBuildPhase section */
		0F22967323C3764B00A51BBB /* Frameworks */ = {
			isa = PBXFrameworksBuildPhase;
			buildActionMask = 2147483647;
			files = (
				C5B8A31182CA22B5F144BF3C /* Pods_HBO.framework in Frameworks */,
			);
			runOnlyForDeploymentPostprocessing = 0;
		};
		0F22968723C3764C00A51BBB /* Frameworks */ = {
			isa = PBXFrameworksBuildPhase;
			buildActionMask = 2147483647;
			files = (
				154FF86A270CC492E0A67CD6 /* Pods_HBOTests.framework in Frameworks */,
			);
			runOnlyForDeploymentPostprocessing = 0;
		};
		0F22969223C3764C00A51BBB /* Frameworks */ = {
			isa = PBXFrameworksBuildPhase;
			buildActionMask = 2147483647;
			files = (
				4BE7E6C509880842B69FEA11 /* Pods_HBOUITests.framework in Frameworks */,
				2F70A07912E65F6D9F097684 /* Pods_HBO_HBOUITests.framework in Frameworks */,
			);
			runOnlyForDeploymentPostprocessing = 0;
		};
/* End PBXFrameworksBuildPhase section */

/* Begin PBXGroup section */
		0F1EF88923EE6FA10016B9C6 /* Util */ = {
			isa = PBXGroup;
			children = (
				0F1EF88A23EE6FAC0016B9C6 /* Util.swift */,
			);
			path = Util;
			sourceTree = "<group>";
		};
		0F22966D23C3764B00A51BBB = {
			isa = PBXGroup;
			children = (
				0F22967823C3764B00A51BBB /* HBO */,
				0F22968D23C3764C00A51BBB /* HBOTests */,
				0F22969823C3764C00A51BBB /* HBOUITests */,
				0F22967723C3764B00A51BBB /* Products */,
				36CEF4A7EDB1ECF7B4E524DB /* Pods */,
				694DC685D715AA56AC2D5742 /* Frameworks */,
			);
			sourceTree = "<group>";
		};
		0F22967723C3764B00A51BBB /* Products */ = {
			isa = PBXGroup;
			children = (
				0F22967623C3764B00A51BBB /* HBO.app */,
				0F22968A23C3764C00A51BBB /* HBOTests.xctest */,
				0F22969523C3764C00A51BBB /* HBOUITests.xctest */,
			);
			name = Products;
			sourceTree = "<group>";
		};
		0F22967823C3764B00A51BBB /* HBO */ = {
			isa = PBXGroup;
			children = (
				0FEEE7A223EE769600208CF4 /* Models */,
				0F1EF88923EE6FA10016B9C6 /* Util */,
				0F6DEA5923D091900084F988 /* GoogleService-Info.plist */,
				0F4F43B823CD7B050074AC82 /* Helpers */,
				0F2296AF23C3A66800A51BBB /* UICustomStyles */,
				0F2296AC23C3A33E00A51BBB /* UIExtensions */,
				0F2296A923C3A2A400A51BBB /* UIControllers */,
				0F22967923C3764B00A51BBB /* AppDelegate.swift */,
				0F22967D23C3764B00A51BBB /* Main.storyboard */,
				0F22968023C3764C00A51BBB /* Assets.xcassets */,
				0F22968223C3764C00A51BBB /* LaunchScreen.storyboard */,
				0F22968523C3764C00A51BBB /* Info.plist */,
			);
			path = HBO;
			sourceTree = "<group>";
		};
		0F22968D23C3764C00A51BBB /* HBOTests */ = {
			isa = PBXGroup;
			children = (
				0F22968E23C3764C00A51BBB /* HBOTests.swift */,
				0F22969023C3764C00A51BBB /* Info.plist */,
			);
			path = HBOTests;
			sourceTree = "<group>";
		};
		0F22969823C3764C00A51BBB /* HBOUITests */ = {
			isa = PBXGroup;
			children = (
				0F22969923C3764C00A51BBB /* HBOUITests.swift */,
				0F22969B23C3764C00A51BBB /* Info.plist */,
			);
			path = HBOUITests;
			sourceTree = "<group>";
		};
		0F2296A923C3A2A400A51BBB /* UIControllers */ = {
			isa = PBXGroup;
			children = (
				0F22967B23C3764B00A51BBB /* UIRegisterViewController.swift */,
				0F2296AA23C3A2D400A51BBB /* UILoginViewController.swift */,
				0F6DEA5B23D0A5650084F988 /* DashboardViewController.swift */,
				0F6DEA5D23D16FFA0084F988 /* StarterViewController.swift */,
				0F40645B23D2CAFB00AB688E /* MovieViewController.swift */,
				0F40645D23D2D09100AB688E /* TableViewController.swift */,
			);
			path = UIControllers;
			sourceTree = "<group>";
		};
		0F2296AC23C3A33E00A51BBB /* UIExtensions */ = {
			isa = PBXGroup;
			children = (
				0F2296AD23C3A35A00A51BBB /* UITextFieldExtension.swift */,
				0F6DEA5F23D18ADF0084F988 /* ActivityIndicatorCustom.swift */,
				0F6DEA6123D18CCD0084F988 /* IndicatorButton.swift */,
			);
			path = UIExtensions;
			sourceTree = "<group>";
		};
		0F2296AF23C3A66800A51BBB /* UICustomStyles */ = {
			isa = PBXGroup;
			children = (
				0F2296A723C381AC00A51BBB /* btnCustom.swift */,
				0F2296B023C3AD7E00A51BBB /* CheckBoxButton.swift */,
			);
			path = UICustomStyles;
			sourceTree = "<group>";
		};
		0F4F43B823CD7B050074AC82 /* Helpers */ = {
			isa = PBXGroup;
			children = (
				0F4F43B923CD7B1A0074AC82 /* Validator.swift */,
				0F4F43BB23CD7E420074AC82 /* AlertDialog.swift */,
			);
			path = Helpers;
			sourceTree = "<group>";
		};
		0FEEE7A223EE769600208CF4 /* Models */ = {
			isa = PBXGroup;
			children = (
				0FEEE7A323EE76A500208CF4 /* MovieModel.swift */,
			);
			path = Models;
			sourceTree = "<group>";
		};
		36CEF4A7EDB1ECF7B4E524DB /* Pods */ = {
			isa = PBXGroup;
			children = (
				494789B12D24D32CD7E962BB /* Pods-HBO.debug.xcconfig */,
				07776787BF5642CBE56A60E7 /* Pods-HBO.release.xcconfig */,
				79D72C1CBEB08F84FF58A3BE /* Pods-HBOTests.debug.xcconfig */,
				3723E00049F736B9F26271F3 /* Pods-HBOTests.release.xcconfig */,
				06BE52E8C3C822D039D5A880 /* Pods-HBOUITests.debug.xcconfig */,
				85ADB6AD383E011199EA3251 /* Pods-HBOUITests.release.xcconfig */,
				7C6BEF34D47C4A315CB9BF0C /* Pods-HBO-HBOUITests.debug.xcconfig */,
				F095B820310F7746061F2624 /* Pods-HBO-HBOUITests.release.xcconfig */,
			);
			path = Pods;
			sourceTree = "<group>";
		};
		694DC685D715AA56AC2D5742 /* Frameworks */ = {
			isa = PBXGroup;
			children = (
				981DB8011E54F413A218C948 /* Pods_HBO.framework */,
				3B0C2F831DC7D6179C35308D /* Pods_HBOTests.framework */,
				B1DB9B9022C5220B85359FC4 /* Pods_HBOUITests.framework */,
				9BCD9CA94EEBF0BFEA7C10A1 /* Pods_HBO_HBOUITests.framework */,
			);
			name = Frameworks;
			sourceTree = "<group>";
		};
/* End PBXGroup section */

/* Begin PBXNativeTarget section */
		0F22967523C3764B00A51BBB /* HBO */ = {
			isa = PBXNativeTarget;
			buildConfigurationList = 0F22969E23C3764C00A51BBB /* Build configuration list for PBXNativeTarget "HBO" */;
			buildPhases = (
				E3880A0E821B8B68E743EA54 /* [CP] Check Pods Manifest.lock */,
				0F22967223C3764B00A51BBB /* Sources */,
				0F22967323C3764B00A51BBB /* Frameworks */,
				0F22967423C3764B00A51BBB /* Resources */,
				B028373429F805D6618A97F8 /* [CP] Embed Pods Frameworks */,
			);
			buildRules = (
			);
			dependencies = (
			);
			name = HBO;
			productName = HBO;
			productReference = 0F22967623C3764B00A51BBB /* HBO.app */;
			productType = "com.apple.product-type.application";
		};
		0F22968923C3764C00A51BBB /* HBOTests */ = {
			isa = PBXNativeTarget;
			buildConfigurationList = 0F2296A123C3764C00A51BBB /* Build configuration list for PBXNativeTarget "HBOTests" */;
			buildPhases = (
				15816CDD4F314F3B6778CA41 /* [CP] Check Pods Manifest.lock */,
				0F22968623C3764C00A51BBB /* Sources */,
				0F22968723C3764C00A51BBB /* Frameworks */,
				0F22968823C3764C00A51BBB /* Resources */,
			);
			buildRules = (
			);
			dependencies = (
				0F22968C23C3764C00A51BBB /* PBXTargetDependency */,
			);
			name = HBOTests;
			productName = HBOTests;
			productReference = 0F22968A23C3764C00A51BBB /* HBOTests.xctest */;
			productType = "com.apple.product-type.bundle.unit-test";
		};
		0F22969423C3764C00A51BBB /* HBOUITests */ = {
			isa = PBXNativeTarget;
			buildConfigurationList = 0F2296A423C3764C00A51BBB /* Build configuration list for PBXNativeTarget "HBOUITests" */;
			buildPhases = (
				DCFC5D1508B2E8CAEA1A5FEF /* [CP] Check Pods Manifest.lock */,
				0F22969123C3764C00A51BBB /* Sources */,
				0F22969223C3764C00A51BBB /* Frameworks */,
				0F22969323C3764C00A51BBB /* Resources */,
				C1FDBA93696177C862F07C5A /* [CP] Embed Pods Frameworks */,
			);
			buildRules = (
			);
			dependencies = (
				0F22969723C3764C00A51BBB /* PBXTargetDependency */,
			);
			name = HBOUITests;
			productName = HBOUITests;
			productReference = 0F22969523C3764C00A51BBB /* HBOUITests.xctest */;
			productType = "com.apple.product-type.bundle.ui-testing";
		};
/* End PBXNativeTarget section */

/* Begin PBXProject section */
		0F22966E23C3764B00A51BBB /* Project object */ = {
			isa = PBXProject;
			attributes = {
				LastSwiftUpdateCheck = 1030;
				LastUpgradeCheck = 1030;
				ORGANIZATIONNAME = "Shashila Heshan";
				TargetAttributes = {
					0F22967523C3764B00A51BBB = {
						CreatedOnToolsVersion = 10.3;
					};
					0F22968923C3764C00A51BBB = {
						CreatedOnToolsVersion = 10.3;
						TestTargetID = 0F22967523C3764B00A51BBB;
					};
					0F22969423C3764C00A51BBB = {
						CreatedOnToolsVersion = 10.3;
						TestTargetID = 0F22967523C3764B00A51BBB;
					};
				};
			};
			buildConfigurationList = 0F22967123C3764B00A51BBB /* Build configuration list for PBXProject "HBO" */;
			compatibilityVersion = "Xcode 9.3";
			developmentRegion = en;
			hasScannedForEncodings = 0;
			knownRegions = (
				en,
				Base,
			);
			mainGroup = 0F22966D23C3764B00A51BBB;
			productRefGroup = 0F22967723C3764B00A51BBB /* Products */;
			projectDirPath = "";
			projectRoot = "";
			targets = (
				0F22967523C3764B00A51BBB /* HBO */,
				0F22968923C3764C00A51BBB /* HBOTests */,
				0F22969423C3764C00A51BBB /* HBOUITests */,
			);
		};
/* End PBXProject section */

/* Begin PBXResourcesBuildPhase section */
		0F22967423C3764B00A51BBB /* Resources */ = {
			isa = PBXResourcesBuildPhase;
			buildActionMask = 2147483647;
			files = (
				0F22968423C3764C00A51BBB /* LaunchScreen.storyboard in Resources */,
				0F6DEA5A23D091910084F988 /* GoogleService-Info.plist in Resources */,
				0F22968123C3764C00A51BBB /* Assets.xcassets in Resources */,
				0F22967F23C3764B00A51BBB /* Main.storyboard in Resources */,
			);
			runOnlyForDeploymentPostprocessing = 0;
		};
		0F22968823C3764C00A51BBB /* Resources */ = {
			isa = PBXResourcesBuildPhase;
			buildActionMask = 2147483647;
			files = (
			);
			runOnlyForDeploymentPostprocessing = 0;
		};
		0F22969323C3764C00A51BBB /* Resources */ = {
			isa = PBXResourcesBuildPhase;
			buildActionMask = 2147483647;
			files = (
			);
			runOnlyForDeploymentPostprocessing = 0;
		};
/* End PBXResourcesBuildPhase section */

/* Begin PBXShellScriptBuildPhase section */
		15816CDD4F314F3B6778CA41 /* [CP] Check Pods Manifest.lock */ = {
			isa = PBXShellScriptBuildPhase;
			buildActionMask = 2147483647;
			files = (
			);
			inputFileListPaths = (
			);
			inputPaths = (
				"${PODS_PODFILE_DIR_PATH}/Podfile.lock",
				"${PODS_ROOT}/Manifest.lock",
			);
			name = "[CP] Check Pods Manifest.lock";
			outputFileListPaths = (
			);
			outputPaths = (
				"$(DERIVED_FILE_DIR)/Pods-HBOTests-checkManifestLockResult.txt",
			);
			runOnlyForDeploymentPostprocessing = 0;
			shellPath = /bin/sh;
			shellScript = "diff \"${PODS_PODFILE_DIR_PATH}/Podfile.lock\" \"${PODS_ROOT}/Manifest.lock\" > /dev/null\nif [ $? != 0 ] ; then\n    # print error to STDERR\n    echo \"error: The sandbox is not in sync with the Podfile.lock. Run 'pod install' or update your CocoaPods installation.\" >&2\n    exit 1\nfi\n# This output is used by Xcode 'outputs' to avoid re-running this script phase.\necho \"SUCCESS\" > \"${SCRIPT_OUTPUT_FILE_0}\"\n";
			showEnvVarsInLog = 0;
		};
		B028373429F805D6618A97F8 /* [CP] Embed Pods Frameworks */ = {
			isa = PBXShellScriptBuildPhase;
			buildActionMask = 2147483647;
			files = (
			);
			inputFileListPaths = (
			);
			inputPaths = (
				"${PODS_ROOT}/Target Support Files/Pods-HBO/Pods-HBO-frameworks.sh",
				"${BUILT_PRODUCTS_DIR}/Alamofire/Alamofire.framework",
				"${BUILT_PRODUCTS_DIR}/BoringSSL-GRPC/openssl_grpc.framework",
				"${BUILT_PRODUCTS_DIR}/GTMSessionFetcher/GTMSessionFetcher.framework",
				"${BUILT_PRODUCTS_DIR}/GoogleUtilities/GoogleUtilities.framework",
				"${BUILT_PRODUCTS_DIR}/SwiftyJSON/SwiftyJSON.framework",
				"${BUILT_PRODUCTS_DIR}/YoutubePlayer-in-WKWebView/YoutubePlayer_in_WKWebView.framework",
				"${BUILT_PRODUCTS_DIR}/abseil/absl.framework",
				"${BUILT_PRODUCTS_DIR}/gRPC-C++/grpcpp.framework",
				"${BUILT_PRODUCTS_DIR}/gRPC-Core/grpc.framework",
				"${BUILT_PRODUCTS_DIR}/leveldb-library/leveldb.framework",
				"${BUILT_PRODUCTS_DIR}/nanopb/nanopb.framework",
			);
			name = "[CP] Embed Pods Frameworks";
			outputFileListPaths = (
			);
			outputPaths = (
				"${TARGET_BUILD_DIR}/${FRAMEWORKS_FOLDER_PATH}/Alamofire.framework",
				"${TARGET_BUILD_DIR}/${FRAMEWORKS_FOLDER_PATH}/openssl_grpc.framework",
				"${TARGET_BUILD_DIR}/${FRAMEWORKS_FOLDER_PATH}/GTMSessionFetcher.framework",
				"${TARGET_BUILD_DIR}/${FRAMEWORKS_FOLDER_PATH}/GoogleUtilities.framework",
				"${TARGET_BUILD_DIR}/${FRAMEWORKS_FOLDER_PATH}/SwiftyJSON.framework",
				"${TARGET_BUILD_DIR}/${FRAMEWORKS_FOLDER_PATH}/YoutubePlayer_in_WKWebView.framework",
				"${TARGET_BUILD_DIR}/${FRAMEWORKS_FOLDER_PATH}/absl.framework",
				"${TARGET_BUILD_DIR}/${FRAMEWORKS_FOLDER_PATH}/grpcpp.framework",
				"${TARGET_BUILD_DIR}/${FRAMEWORKS_FOLDER_PATH}/grpc.framework",
				"${TARGET_BUILD_DIR}/${FRAMEWORKS_FOLDER_PATH}/leveldb.framework",
				"${TARGET_BUILD_DIR}/${FRAMEWORKS_FOLDER_PATH}/nanopb.framework",
			);
			runOnlyForDeploymentPostprocessing = 0;
			shellPath = /bin/sh;
			shellScript = "\"${PODS_ROOT}/Target Support Files/Pods-HBO/Pods-HBO-frameworks.sh\"\n";
			showEnvVarsInLog = 0;
		};
		C1FDBA93696177C862F07C5A /* [CP] Embed Pods Frameworks */ = {
			isa = PBXShellScriptBuildPhase;
			buildActionMask = 2147483647;
			files = (
			);
			inputFileListPaths = (
			);
			inputPaths = (
				"${PODS_ROOT}/Target Support Files/Pods-HBO-HBOUITests/Pods-HBO-HBOUITests-frameworks.sh",
				"${BUILT_PRODUCTS_DIR}/Alamofire/Alamofire.framework",
				"${BUILT_PRODUCTS_DIR}/BoringSSL-GRPC/openssl_grpc.framework",
				"${BUILT_PRODUCTS_DIR}/GTMSessionFetcher/GTMSessionFetcher.framework",
				"${BUILT_PRODUCTS_DIR}/GoogleUtilities/GoogleUtilities.framework",
				"${BUILT_PRODUCTS_DIR}/SwiftyJSON/SwiftyJSON.framework",
				"${BUILT_PRODUCTS_DIR}/YoutubePlayer-in-WKWebView/YoutubePlayer_in_WKWebView.framework",
				"${BUILT_PRODUCTS_DIR}/abseil/absl.framework",
				"${BUILT_PRODUCTS_DIR}/gRPC-C++/grpcpp.framework",
				"${BUILT_PRODUCTS_DIR}/gRPC-Core/grpc.framework",
				"${BUILT_PRODUCTS_DIR}/leveldb-library/leveldb.framework",
				"${BUILT_PRODUCTS_DIR}/nanopb/nanopb.framework",
			);
			name = "[CP] Embed Pods Frameworks";
			outputFileListPaths = (
			);
			outputPaths = (
				"${TARGET_BUILD_DIR}/${FRAMEWORKS_FOLDER_PATH}/Alamofire.framework",
				"${TARGET_BUILD_DIR}/${FRAMEWORKS_FOLDER_PATH}/openssl_grpc.framework",
				"${TARGET_BUILD_DIR}/${FRAMEWORKS_FOLDER_PATH}/GTMSessionFetcher.framework",
				"${TARGET_BUILD_DIR}/${FRAMEWORKS_FOLDER_PATH}/GoogleUtilities.framework",
				"${TARGET_BUILD_DIR}/${FRAMEWORKS_FOLDER_PATH}/SwiftyJSON.framework",
				"${TARGET_BUILD_DIR}/${FRAMEWORKS_FOLDER_PATH}/YoutubePlayer_in_WKWebView.framework",
				"${TARGET_BUILD_DIR}/${FRAMEWORKS_FOLDER_PATH}/absl.framework",
				"${TARGET_BUILD_DIR}/${FRAMEWORKS_FOLDER_PATH}/grpcpp.framework",
				"${TARGET_BUILD_DIR}/${FRAMEWORKS_FOLDER_PATH}/grpc.framework",
				"${TARGET_BUILD_DIR}/${FRAMEWORKS_FOLDER_PATH}/leveldb.framework",
				"${TARGET_BUILD_DIR}/${FRAMEWORKS_FOLDER_PATH}/nanopb.framework",
			);
			runOnlyForDeploymentPostprocessing = 0;
			shellPath = /bin/sh;
			shellScript = "\"${PODS_ROOT}/Target Support Files/Pods-HBO-HBOUITests/Pods-HBO-HBOUITests-frameworks.sh\"\n";
			showEnvVarsInLog = 0;
		};
		DCFC5D1508B2E8CAEA1A5FEF /* [CP] Check Pods Manifest.lock */ = {
			isa = PBXShellScriptBuildPhase;
			buildActionMask = 2147483647;
			files = (
			);
			inputFileListPaths = (
			);
			inputPaths = (
				"${PODS_PODFILE_DIR_PATH}/Podfile.lock",
				"${PODS_ROOT}/Manifest.lock",
			);
			name = "[CP] Check Pods Manifest.lock";
			outputFileListPaths = (
			);
			outputPaths = (
				"$(DERIVED_FILE_DIR)/Pods-HBO-HBOUITests-checkManifestLockResult.txt",
			);
			runOnlyForDeploymentPostprocessing = 0;
			shellPath = /bin/sh;
			shellScript = "diff \"${PODS_PODFILE_DIR_PATH}/Podfile.lock\" \"${PODS_ROOT}/Manifest.lock\" > /dev/null\nif [ $? != 0 ] ; then\n    # print error to STDERR\n    echo \"error: The sandbox is not in sync with the Podfile.lock. Run 'pod install' or update your CocoaPods installation.\" >&2\n    exit 1\nfi\n# This output is used by Xcode 'outputs' to avoid re-running this script phase.\necho \"SUCCESS\" > \"${SCRIPT_OUTPUT_FILE_0}\"\n";
			showEnvVarsInLog = 0;
		};
		E3880A0E821B8B68E743EA54 /* [CP] Check Pods Manifest.lock */ = {
			isa = PBXShellScriptBuildPhase;
			buildActionMask = 2147483647;
			files = (
			);
			inputFileListPaths = (
			);
			inputPaths = (
				"${PODS_PODFILE_DIR_PATH}/Podfile.lock",
				"${PODS_ROOT}/Manifest.lock",
			);
			name = "[CP] Check Pods Manifest.lock";
			outputFileListPaths = (
			);
			outputPaths = (
				"$(DERIVED_FILE_DIR)/Pods-HBO-checkManifestLockResult.txt",
			);
			runOnlyForDeploymentPostprocessing = 0;
			shellPath = /bin/sh;
			shellScript = "diff \"${PODS_PODFILE_DIR_PATH}/Podfile.lock\" \"${PODS_ROOT}/Manifest.lock\" > /dev/null\nif [ $? != 0 ] ; then\n    # print error to STDERR\n    echo \"error: The sandbox is not in sync with the Podfile.lock. Run 'pod install' or update your CocoaPods installation.\" >&2\n    exit 1\nfi\n# This output is used by Xcode 'outputs' to avoid re-running this script phase.\necho \"SUCCESS\" > \"${SCRIPT_OUTPUT_FILE_0}\"\n";
			showEnvVarsInLog = 0;
		};
/* End PBXShellScriptBuildPhase section */

/* Begin PBXSourcesBuildPhase section */
		0F22967223C3764B00A51BBB /* Sources */ = {
			isa = PBXSourcesBuildPhase;
			buildActionMask = 2147483647;
			files = (
				0F40645C23D2CAFB00AB688E /* MovieViewController.swift in Sources */,
				0F40645E23D2D09100AB688E /* TableViewController.swift in Sources */,
				0F2296AE23C3A35A00A51BBB /* UITextFieldExtension.swift in Sources */,
				0F6DEA5C23D0A5650084F988 /* DashboardViewController.swift in Sources */,
				0F2296AB23C3A2D400A51BBB /* UILoginViewController.swift in Sources */,
				0F22967C23C3764B00A51BBB /* UIRegisterViewController.swift in Sources */,
				0F22967A23C3764B00A51BBB /* AppDelegate.swift in Sources */,
				0F1EF88B23EE6FAC0016B9C6 /* Util.swift in Sources */,
				0F6DEA6223D18CCD0084F988 /* IndicatorButton.swift in Sources */,
				0F4F43BC23CD7E420074AC82 /* AlertDialog.swift in Sources */,
				0F4F43BA23CD7B1A0074AC82 /* Validator.swift in Sources */,
				0F2296B123C3AD7E00A51BBB /* CheckBoxButton.swift in Sources */,
				0FEEE7A423EE76A500208CF4 /* MovieModel.swift in Sources */,
				0F6DEA5E23D16FFA0084F988 /* StarterViewController.swift in Sources */,
				0F2296A823C381AC00A51BBB /* btnCustom.swift in Sources */,
				0F6DEA6023D18ADF0084F988 /* ActivityIndicatorCustom.swift in Sources */,
			);
			runOnlyForDeploymentPostprocessing = 0;
		};
		0F22968623C3764C00A51BBB /* Sources */ = {
			isa = PBXSourcesBuildPhase;
			buildActionMask = 2147483647;
			files = (
				0F22968F23C3764C00A51BBB /* HBOTests.swift in Sources */,
			);
			runOnlyForDeploymentPostprocessing = 0;
		};
		0F22969123C3764C00A51BBB /* Sources */ = {
			isa = PBXSourcesBuildPhase;
			buildActionMask = 2147483647;
			files = (
				0F22969A23C3764C00A51BBB /* HBOUITests.swift in Sources */,
			);
			runOnlyForDeploymentPostprocessing = 0;
		};
/* End PBXSourcesBuildPhase section */

/* Begin PBXTargetDependency section */
		0F22968C23C3764C00A51BBB /* PBXTargetDependency */ = {
			isa = PBXTargetDependency;
			target = 0F22967523C3764B00A51BBB /* HBO */;
			targetProxy = 0F22968B23C3764C00A51BBB /* PBXContainerItemProxy */;
		};
		0F22969723C3764C00A51BBB /* PBXTargetDependency */ = {
			isa = PBXTargetDependency;
			target = 0F22967523C3764B00A51BBB /* HBO */;
			targetProxy = 0F22969623C3764C00A51BBB /* PBXContainerItemProxy */;
		};
/* End PBXTargetDependency section */

/* Begin PBXVariantGroup section */
		0F22967D23C3764B00A51BBB /* Main.storyboard */ = {
			isa = PBXVariantGroup;
			children = (
				0F22967E23C3764B00A51BBB /* Base */,
			);
			name = Main.storyboard;
			sourceTree = "<group>";
		};
		0F22968223C3764C00A51BBB /* LaunchScreen.storyboard */ = {
			isa = PBXVariantGroup;
			children = (
				0F22968323C3764C00A51BBB /* Base */,
			);
			name = LaunchScreen.storyboard;
			sourceTree = "<group>";
		};
/* End PBXVariantGroup section */

/* Begin XCBuildConfiguration section */
		0F22969C23C3764C00A51BBB /* Debug */ = {
			isa = XCBuildConfiguration;
			buildSettings = {
				ALWAYS_SEARCH_USER_PATHS = NO;
				CLANG_ANALYZER_NONNULL = YES;
				CLANG_ANALYZER_NUMBER_OBJECT_CONVERSION = YES_AGGRESSIVE;
				CLANG_CXX_LANGUAGE_STANDARD = "gnu++14";
				CLANG_CXX_LIBRARY = "libc++";
				CLANG_ENABLE_MODULES = YES;
				CLANG_ENABLE_OBJC_ARC = YES;
				CLANG_ENABLE_OBJC_WEAK = YES;
				CLANG_WARN_BLOCK_CAPTURE_AUTORELEASING = YES;
				CLANG_WARN_BOOL_CONVERSION = YES;
				CLANG_WARN_COMMA = YES;
				CLANG_WARN_CONSTANT_CONVERSION = YES;
				CLANG_WARN_DEPRECATED_OBJC_IMPLEMENTATIONS = YES;
				CLANG_WARN_DIRECT_OBJC_ISA_USAGE = YES_ERROR;
				CLANG_WARN_DOCUMENTATION_COMMENTS = YES;
				CLANG_WARN_EMPTY_BODY = YES;
				CLANG_WARN_ENUM_CONVERSION = YES;
				CLANG_WARN_INFINITE_RECURSION = YES;
				CLANG_WARN_INT_CONVERSION = YES;
				CLANG_WARN_NON_LITERAL_NULL_CONVERSION = YES;
				CLANG_WARN_OBJC_IMPLICIT_RETAIN_SELF = YES;
				CLANG_WARN_OBJC_LITERAL_CONVERSION = YES;
				CLANG_WARN_OBJC_ROOT_CLASS = YES_ERROR;
				CLANG_WARN_RANGE_LOOP_ANALYSIS = YES;
				CLANG_WARN_STRICT_PROTOTYPES = YES;
				CLANG_WARN_SUSPICIOUS_MOVE = YES;
				CLANG_WARN_UNGUARDED_AVAILABILITY = YES_AGGRESSIVE;
				CLANG_WARN_UNREACHABLE_CODE = YES;
				CLANG_WARN__DUPLICATE_METHOD_MATCH = YES;
				CODE_SIGN_IDENTITY = "iPhone Developer";
				COPY_PHASE_STRIP = NO;
				DEBUG_INFORMATION_FORMAT = dwarf;
				ENABLE_STRICT_OBJC_MSGSEND = YES;
				ENABLE_TESTABILITY = YES;
				GCC_C_LANGUAGE_STANDARD = gnu11;
				GCC_DYNAMIC_NO_PIC = NO;
				GCC_NO_COMMON_BLOCKS = YES;
				GCC_OPTIMIZATION_LEVEL = 0;
				GCC_PREPROCESSOR_DEFINITIONS = (
					"DEBUG=1",
					"$(inherited)",
				);
				GCC_WARN_64_TO_32_BIT_CONVERSION = YES;
				GCC_WARN_ABOUT_RETURN_TYPE = YES_ERROR;
				GCC_WARN_UNDECLARED_SELECTOR = YES;
				GCC_WARN_UNINITIALIZED_AUTOS = YES_AGGRESSIVE;
				GCC_WARN_UNUSED_FUNCTION = YES;
				GCC_WARN_UNUSED_VARIABLE = YES;
				IPHONEOS_DEPLOYMENT_TARGET = 11.4;
				MTL_ENABLE_DEBUG_INFO = INCLUDE_SOURCE;
				MTL_FAST_MATH = YES;
				ONLY_ACTIVE_ARCH = YES;
				SDKROOT = iphoneos;
				SWIFT_ACTIVE_COMPILATION_CONDITIONS = DEBUG;
				SWIFT_OPTIMIZATION_LEVEL = "-Onone";
			};
			name = Debug;
		};
		0F22969D23C3764C00A51BBB /* Release */ = {
			isa = XCBuildConfiguration;
			buildSettings = {
				ALWAYS_SEARCH_USER_PATHS = NO;
				CLANG_ANALYZER_NONNULL = YES;
				CLANG_ANALYZER_NUMBER_OBJECT_CONVERSION = YES_AGGRESSIVE;
				CLANG_CXX_LANGUAGE_STANDARD = "gnu++14";
				CLANG_CXX_LIBRARY = "libc++";
				CLANG_ENABLE_MODULES = YES;
				CLANG_ENABLE_OBJC_ARC = YES;
				CLANG_ENABLE_OBJC_WEAK = YES;
				CLANG_WARN_BLOCK_CAPTURE_AUTORELEASING = YES;
				CLANG_WARN_BOOL_CONVERSION = YES;
				CLANG_WARN_COMMA = YES;
				CLANG_WARN_CONSTANT_CONVERSION = YES;
				CLANG_WARN_DEPRECATED_OBJC_IMPLEMENTATIONS = YES;
				CLANG_WARN_DIRECT_OBJC_ISA_USAGE = YES_ERROR;
				CLANG_WARN_DOCUMENTATION_COMMENTS = YES;
				CLANG_WARN_EMPTY_BODY = YES;
				CLANG_WARN_ENUM_CONVERSION = YES;
				CLANG_WARN_INFINITE_RECURSION = YES;
				CLANG_WARN_INT_CONVERSION = YES;
				CLANG_WARN_NON_LITERAL_NULL_CONVERSION = YES;
				CLANG_WARN_OBJC_IMPLICIT_RETAIN_SELF = YES;
				CLANG_WARN_OBJC_LITERAL_CONVERSION = YES;
				CLANG_WARN_OBJC_ROOT_CLASS = YES_ERROR;
				CLANG_WARN_RANGE_LOOP_ANALYSIS = YES;
				CLANG_WARN_STRICT_PROTOTYPES = YES;
				CLANG_WARN_SUSPICIOUS_MOVE = YES;
				CLANG_WARN_UNGUARDED_AVAILABILITY = YES_AGGRESSIVE;
				CLANG_WARN_UNREACHABLE_CODE = YES;
				CLANG_WARN__DUPLICATE_METHOD_MATCH = YES;
				CODE_SIGN_IDENTITY = "iPhone Developer";
				COPY_PHASE_STRIP = NO;
				DEBUG_INFORMATION_FORMAT = "dwarf-with-dsym";
				ENABLE_NS_ASSERTIONS = NO;
				ENABLE_STRICT_OBJC_MSGSEND = YES;
				GCC_C_LANGUAGE_STANDARD = gnu11;
				GCC_NO_COMMON_BLOCKS = YES;
				GCC_WARN_64_TO_32_BIT_CONVERSION = YES;
				GCC_WARN_ABOUT_RETURN_TYPE = YES_ERROR;
				GCC_WARN_UNDECLARED_SELECTOR = YES;
				GCC_WARN_UNINITIALIZED_AUTOS = YES_AGGRESSIVE;
				GCC_WARN_UNUSED_FUNCTION = YES;
				GCC_WARN_UNUSED_VARIABLE = YES;
				IPHONEOS_DEPLOYMENT_TARGET = 11.4;
				MTL_ENABLE_DEBUG_INFO = NO;
				MTL_FAST_MATH = YES;
				SDKROOT = iphoneos;
				SWIFT_COMPILATION_MODE = wholemodule;
				SWIFT_OPTIMIZATION_LEVEL = "-O";
				VALIDATE_PRODUCT = YES;
			};
			name = Release;
		};
		0F22969F23C3764C00A51BBB /* Debug */ = {
			isa = XCBuildConfiguration;
			baseConfigurationReference = 494789B12D24D32CD7E962BB /* Pods-HBO.debug.xcconfig */;
			buildSettings = {
				ASSETCATALOG_COMPILER_APPICON_NAME = AppIcon;
				CODE_SIGN_IDENTITY = "iPhone Developer";
				CODE_SIGN_STYLE = Automatic;
				DEVELOPMENT_TEAM = KG2AF9T859;
				INFOPLIST_FILE = HBO/Info.plist;
				IPHONEOS_DEPLOYMENT_TARGET = 11.4;
				LD_RUNPATH_SEARCH_PATHS = (
					"$(inherited)",
					"@executable_path/Frameworks",
				);
				PRODUCT_BUNDLE_IDENTIFIER = coventry.HBO;
				PRODUCT_NAME = "$(TARGET_NAME)";
				PROVISIONING_PROFILE_SPECIFIER = "";
				SWIFT_VERSION = 5.0;
				TARGETED_DEVICE_FAMILY = 1;
			};
			name = Debug;
		};
		0F2296A023C3764C00A51BBB /* Release */ = {
			isa = XCBuildConfiguration;
			baseConfigurationReference = 07776787BF5642CBE56A60E7 /* Pods-HBO.release.xcconfig */;
			buildSettings = {
				ASSETCATALOG_COMPILER_APPICON_NAME = AppIcon;
				CODE_SIGN_IDENTITY = "iPhone Developer";
				CODE_SIGN_STYLE = Automatic;
				DEVELOPMENT_TEAM = KG2AF9T859;
				INFOPLIST_FILE = HBO/Info.plist;
				IPHONEOS_DEPLOYMENT_TARGET = 11.4;
				LD_RUNPATH_SEARCH_PATHS = (
					"$(inherited)",
					"@executable_path/Frameworks",
				);
				PRODUCT_BUNDLE_IDENTIFIER = coventry.HBO;
				PRODUCT_NAME = "$(TARGET_NAME)";
				PROVISIONING_PROFILE_SPECIFIER = "";
				SWIFT_VERSION = 5.0;
				TARGETED_DEVICE_FAMILY = 1;
			};
			name = Release;
		};
		0F2296A223C3764C00A51BBB /* Debug */ = {
			isa = XCBuildConfiguration;
			baseConfigurationReference = 79D72C1CBEB08F84FF58A3BE /* Pods-HBOTests.debug.xcconfig */;
			buildSettings = {
				ALWAYS_EMBED_SWIFT_STANDARD_LIBRARIES = YES;
				BUNDLE_LOADER = "$(TEST_HOST)";
				CODE_SIGN_STYLE = Automatic;
				INFOPLIST_FILE = HBOTests/Info.plist;
				LD_RUNPATH_SEARCH_PATHS = (
					"$(inherited)",
					"@executable_path/Frameworks",
					"@loader_path/Frameworks",
				);
				PRODUCT_BUNDLE_IDENTIFIER = coventry.HBOTests;
				PRODUCT_NAME = "$(TARGET_NAME)";
				SWIFT_VERSION = 5.0;
				TARGETED_DEVICE_FAMILY = "1,2";
				TEST_HOST = "$(BUILT_PRODUCTS_DIR)/HBO.app/HBO";
			};
			name = Debug;
		};
		0F2296A323C3764C00A51BBB /* Release */ = {
			isa = XCBuildConfiguration;
			baseConfigurationReference = 3723E00049F736B9F26271F3 /* Pods-HBOTests.release.xcconfig */;
			buildSettings = {
				ALWAYS_EMBED_SWIFT_STANDARD_LIBRARIES = YES;
				BUNDLE_LOADER = "$(TEST_HOST)";
				CODE_SIGN_STYLE = Automatic;
				INFOPLIST_FILE = HBOTests/Info.plist;
				LD_RUNPATH_SEARCH_PATHS = (
					"$(inherited)",
					"@executable_path/Frameworks",
					"@loader_path/Frameworks",
				);
				PRODUCT_BUNDLE_IDENTIFIER = coventry.HBOTests;
				PRODUCT_NAME = "$(TARGET_NAME)";
				SWIFT_VERSION = 5.0;
				TARGETED_DEVICE_FAMILY = "1,2";
				TEST_HOST = "$(BUILT_PRODUCTS_DIR)/HBO.app/HBO";
			};
			name = Release;
		};
		0F2296A523C3764C00A51BBB /* Debug */ = {
			isa = XCBuildConfiguration;
			baseConfigurationReference = 7C6BEF34D47C4A315CB9BF0C /* Pods-HBO-HBOUITests.debug.xcconfig */;
			buildSettings = {
				ALWAYS_EMBED_SWIFT_STANDARD_LIBRARIES = YES;
				CODE_SIGN_STYLE = Automatic;
				INFOPLIST_FILE = HBOUITests/Info.plist;
				LD_RUNPATH_SEARCH_PATHS = (
					"$(inherited)",
					"@executable_path/Frameworks",
					"@loader_path/Frameworks",
				);
				PRODUCT_BUNDLE_IDENTIFIER = coventry.HBOUITests;
				PRODUCT_NAME = "$(TARGET_NAME)";
				SWIFT_VERSION = 5.0;
				TARGETED_DEVICE_FAMILY = "1,2";
				TEST_TARGET_NAME = HBO;
			};
			name = Debug;
		};
		0F2296A623C3764C00A51BBB /* Release */ = {
			isa = XCBuildConfiguration;
			baseConfigurationReference = F095B820310F7746061F2624 /* Pods-HBO-HBOUITests.release.xcconfig */;
			buildSettings = {
				ALWAYS_EMBED_SWIFT_STANDARD_LIBRARIES = YES;
				CODE_SIGN_STYLE = Automatic;
				INFOPLIST_FILE = HBOUITests/Info.plist;
				LD_RUNPATH_SEARCH_PATHS = (
					"$(inherited)",
					"@executable_path/Frameworks",
					"@loader_path/Frameworks",
				);
				PRODUCT_BUNDLE_IDENTIFIER = coventry.HBOUITests;
				PRODUCT_NAME = "$(TARGET_NAME)";
				SWIFT_VERSION = 5.0;
				TARGETED_DEVICE_FAMILY = "1,2";
				TEST_TARGET_NAME = HBO;
			};
			name = Release;
		};
/* End XCBuildConfiguration section */

/* Begin XCConfigurationList section */
		0F22967123C3764B00A51BBB /* Build configuration list for PBXProject "HBO" */ = {
			isa = XCConfigurationList;
			buildConfigurations = (
				0F22969C23C3764C00A51BBB /* Debug */,
				0F22969D23C3764C00A51BBB /* Release */,
			);
			defaultConfigurationIsVisible = 0;
			defaultConfigurationName = Release;
		};
		0F22969E23C3764C00A51BBB /* Build configuration list for PBXNativeTarget "HBO" */ = {
			isa = XCConfigurationList;
			buildConfigurations = (
				0F22969F23C3764C00A51BBB /* Debug */,
				0F2296A023C3764C00A51BBB /* Release */,
			);
			defaultConfigurationIsVisible = 0;
			defaultConfigurationName = Release;
		};
		0F2296A123C3764C00A51BBB /* Build configuration list for PBXNativeTarget "HBOTests" */ = {
			isa = XCConfigurationList;
			buildConfigurations = (
				0F2296A223C3764C00A51BBB /* Debug */,
				0F2296A323C3764C00A51BBB /* Release */,
			);
			defaultConfigurationIsVisible = 0;
			defaultConfigurationName = Release;
		};
		0F2296A423C3764C00A51BBB /* Build configuration list for PBXNativeTarget "HBOUITests" */ = {
			isa = XCConfigurationList;
			buildConfigurations = (
				0F2296A523C3764C00A51BBB /* Debug */,
				0F2296A623C3764C00A51BBB /* Release */,
			);
			defaultConfigurationIsVisible = 0;
			defaultConfigurationName = Release;
		};
/* End XCConfigurationList section */
	};
	rootObject = 0F22966E23C3764B00A51BBB /* Project object */;
}
